// !$*UTF8*$!
{
	archiveVersion = 1;
	classes = {
	};
	objectVersion = 50;
	objects = {

/* Begin PBXBuildFile section */
		3629FEC2257B38E200347533 /* Photos.swift in Sources */ = {isa = PBXBuildFile; fileRef = 3629FEC1257B38E200347533 /* Photos.swift */; };
		3629FEC7257B396000347533 /* Photo.swift in Sources */ = {isa = PBXBuildFile; fileRef = 3629FEC6257B396000347533 /* Photo.swift */; };
		3629FECC257B3AB600347533 /* SearchResponse.swift in Sources */ = {isa = PBXBuildFile; fileRef = 3629FECB257B3AB600347533 /* SearchResponse.swift */; };
		36518A8B2579DF3C00CC6542 /* AppDelegate.swift in Sources */ = {isa = PBXBuildFile; fileRef = 36518A8A2579DF3C00CC6542 /* AppDelegate.swift */; };
		36518A8D2579DF3C00CC6542 /* SceneDelegate.swift in Sources */ = {isa = PBXBuildFile; fileRef = 36518A8C2579DF3C00CC6542 /* SceneDelegate.swift */; };
		36518A8F2579DF3C00CC6542 /* TravelLocationMapVC.swift in Sources */ = {isa = PBXBuildFile; fileRef = 36518A8E2579DF3C00CC6542 /* TravelLocationMapVC.swift */; };
		36518A922579DF3C00CC6542 /* Main.storyboard in Resources */ = {isa = PBXBuildFile; fileRef = 36518A902579DF3C00CC6542 /* Main.storyboard */; };
		36518A942579DF3F00CC6542 /* Assets.xcassets in Resources */ = {isa = PBXBuildFile; fileRef = 36518A932579DF3F00CC6542 /* Assets.xcassets */; };
		36518A972579DF3F00CC6542 /* LaunchScreen.storyboard in Resources */ = {isa = PBXBuildFile; fileRef = 36518A952579DF3F00CC6542 /* LaunchScreen.storyboard */; };
		36518AA22579DF3F00CC6542 /* VirtualTouristTests.swift in Sources */ = {isa = PBXBuildFile; fileRef = 36518AA12579DF3F00CC6542 /* VirtualTouristTests.swift */; };
		36518AAD2579DF3F00CC6542 /* VirtualTouristUITests.swift in Sources */ = {isa = PBXBuildFile; fileRef = 36518AAC2579DF3F00CC6542 /* VirtualTouristUITests.swift */; };
		36518AC72579E6CB00CC6542 /* PhotoAlbumVC.swift in Sources */ = {isa = PBXBuildFile; fileRef = 36518AC62579E6CB00CC6542 /* PhotoAlbumVC.swift */; };
		365506BF257ACE3200462B01 /* FlickrClient.swift in Sources */ = {isa = PBXBuildFile; fileRef = 365506BE257ACE3200462B01 /* FlickrClient.swift */; };
/* End PBXBuildFile section */

/* Begin PBXContainerItemProxy section */
		36518A9E2579DF3F00CC6542 /* PBXContainerItemProxy */ = {
			isa = PBXContainerItemProxy;
			containerPortal = 36518A7F2579DF3C00CC6542 /* Project object */;
			proxyType = 1;
			remoteGlobalIDString = 36518A862579DF3C00CC6542;
			remoteInfo = VirtualTourist;
		};
		36518AA92579DF3F00CC6542 /* PBXContainerItemProxy */ = {
			isa = PBXContainerItemProxy;
			containerPortal = 36518A7F2579DF3C00CC6542 /* Project object */;
			proxyType = 1;
			remoteGlobalIDString = 36518A862579DF3C00CC6542;
			remoteInfo = VirtualTourist;
		};
/* End PBXContainerItemProxy section */

/* Begin PBXFileReference section */
		3629FEC1257B38E200347533 /* Photos.swift */ = {isa = PBXFileReference; lastKnownFileType = sourcecode.swift; path = Photos.swift; sourceTree = "<group>"; };
		3629FEC6257B396000347533 /* Photo.swift */ = {isa = PBXFileReference; lastKnownFileType = sourcecode.swift; path = Photo.swift; sourceTree = "<group>"; };
		3629FECB257B3AB600347533 /* SearchResponse.swift */ = {isa = PBXFileReference; lastKnownFileType = sourcecode.swift; path = SearchResponse.swift; sourceTree = "<group>"; };
		36518A872579DF3C00CC6542 /* VirtualTourist.app */ = {isa = PBXFileReference; explicitFileType = wrapper.application; includeInIndex = 0; path = VirtualTourist.app; sourceTree = BUILT_PRODUCTS_DIR; };
		36518A8A2579DF3C00CC6542 /* AppDelegate.swift */ = {isa = PBXFileReference; lastKnownFileType = sourcecode.swift; path = AppDelegate.swift; sourceTree = "<group>"; };
		36518A8C2579DF3C00CC6542 /* SceneDelegate.swift */ = {isa = PBXFileReference; lastKnownFileType = sourcecode.swift; path = SceneDelegate.swift; sourceTree = "<group>"; };
		36518A8E2579DF3C00CC6542 /* TravelLocationMapVC.swift */ = {isa = PBXFileReference; lastKnownFileType = sourcecode.swift; path = TravelLocationMapVC.swift; sourceTree = "<group>"; };
		36518A912579DF3C00CC6542 /* Base */ = {isa = PBXFileReference; lastKnownFileType = file.storyboard; name = Base; path = Base.lproj/Main.storyboard; sourceTree = "<group>"; };
		36518A932579DF3F00CC6542 /* Assets.xcassets */ = {isa = PBXFileReference; lastKnownFileType = folder.assetcatalog; path = Assets.xcassets; sourceTree = "<group>"; };
		36518A962579DF3F00CC6542 /* Base */ = {isa = PBXFileReference; lastKnownFileType = file.storyboard; name = Base; path = Base.lproj/LaunchScreen.storyboard; sourceTree = "<group>"; };
		36518A982579DF3F00CC6542 /* Info.plist */ = {isa = PBXFileReference; lastKnownFileType = text.plist.xml; path = Info.plist; sourceTree = "<group>"; };
		36518A9D2579DF3F00CC6542 /* VirtualTouristTests.xctest */ = {isa = PBXFileReference; explicitFileType = wrapper.cfbundle; includeInIndex = 0; path = VirtualTouristTests.xctest; sourceTree = BUILT_PRODUCTS_DIR; };
		36518AA12579DF3F00CC6542 /* VirtualTouristTests.swift */ = {isa = PBXFileReference; lastKnownFileType = sourcecode.swift; path = VirtualTouristTests.swift; sourceTree = "<group>"; };
		36518AA32579DF3F00CC6542 /* Info.plist */ = {isa = PBXFileReference; lastKnownFileType = text.plist.xml; path = Info.plist; sourceTree = "<group>"; };
		36518AA82579DF3F00CC6542 /* VirtualTouristUITests.xctest */ = {isa = PBXFileReference; explicitFileType = wrapper.cfbundle; includeInIndex = 0; path = VirtualTouristUITests.xctest; sourceTree = BUILT_PRODUCTS_DIR; };
		36518AAC2579DF3F00CC6542 /* VirtualTouristUITests.swift */ = {isa = PBXFileReference; lastKnownFileType = sourcecode.swift; path = VirtualTouristUITests.swift; sourceTree = "<group>"; };
		36518AAE2579DF3F00CC6542 /* Info.plist */ = {isa = PBXFileReference; lastKnownFileType = text.plist.xml; path = Info.plist; sourceTree = "<group>"; };
		36518AC62579E6CB00CC6542 /* PhotoAlbumVC.swift */ = {isa = PBXFileReference; lastKnownFileType = sourcecode.swift; path = PhotoAlbumVC.swift; sourceTree = "<group>"; };
		365506BE257ACE3200462B01 /* FlickrClient.swift */ = {isa = PBXFileReference; lastKnownFileType = sourcecode.swift; path = FlickrClient.swift; sourceTree = "<group>"; };
/* End PBXFileReference section */

/* Begin PBXFrameworksBuildPhase section */
		36518A842579DF3C00CC6542 /* Frameworks */ = {
			isa = PBXFrameworksBuildPhase;
			buildActionMask = 2147483647;
			files = (
			);
			runOnlyForDeploymentPostprocessing = 0;
		};
		36518A9A2579DF3F00CC6542 /* Frameworks */ = {
			isa = PBXFrameworksBuildPhase;
			buildActionMask = 2147483647;
			files = (
			);
			runOnlyForDeploymentPostprocessing = 0;
		};
		36518AA52579DF3F00CC6542 /* Frameworks */ = {
			isa = PBXFrameworksBuildPhase;
			buildActionMask = 2147483647;
			files = (
			);
			runOnlyForDeploymentPostprocessing = 0;
		};
/* End PBXFrameworksBuildPhase section */

/* Begin PBXGroup section */
		36518A7E2579DF3C00CC6542 = {
			isa = PBXGroup;
			children = (
				36518A892579DF3C00CC6542 /* VirtualTourist */,
				36518AA02579DF3F00CC6542 /* VirtualTouristTests */,
				36518AAB2579DF3F00CC6542 /* VirtualTouristUITests */,
				36518A882579DF3C00CC6542 /* Products */,
			);
			sourceTree = "<group>";
		};
		36518A882579DF3C00CC6542 /* Products */ = {
			isa = PBXGroup;
			children = (
				36518A872579DF3C00CC6542 /* VirtualTourist.app */,
				36518A9D2579DF3F00CC6542 /* VirtualTouristTests.xctest */,
				36518AA82579DF3F00CC6542 /* VirtualTouristUITests.xctest */,
			);
			name = Products;
			sourceTree = "<group>";
		};
		36518A892579DF3C00CC6542 /* VirtualTourist */ = {
			isa = PBXGroup;
			children = (
				36518A982579DF3F00CC6542 /* Info.plist */,
				36518ABF2579DFB900CC6542 /* Models */,
				36518ABD2579DF5F00CC6542 /* Views */,
				36518ABE2579DF8200CC6542 /* Controllers */,
			);
			path = VirtualTourist;
			sourceTree = "<group>";
		};
		36518AA02579DF3F00CC6542 /* VirtualTouristTests */ = {
			isa = PBXGroup;
			children = (
				36518AA12579DF3F00CC6542 /* VirtualTouristTests.swift */,
				36518AA32579DF3F00CC6542 /* Info.plist */,
			);
			path = VirtualTouristTests;
			sourceTree = "<group>";
		};
		36518AAB2579DF3F00CC6542 /* VirtualTouristUITests */ = {
			isa = PBXGroup;
			children = (
				36518AAC2579DF3F00CC6542 /* VirtualTouristUITests.swift */,
				36518AAE2579DF3F00CC6542 /* Info.plist */,
			);
			path = VirtualTouristUITests;
			sourceTree = "<group>";
		};
		36518ABD2579DF5F00CC6542 /* Views */ = {
			isa = PBXGroup;
			children = (
				36518A932579DF3F00CC6542 /* Assets.xcassets */,
				36518A902579DF3C00CC6542 /* Main.storyboard */,
				36518A952579DF3F00CC6542 /* LaunchScreen.storyboard */,
			);
			path = Views;
			sourceTree = "<group>";
		};
		36518ABE2579DF8200CC6542 /* Controllers */ = {
			isa = PBXGroup;
			children = (
				36518A8A2579DF3C00CC6542 /* AppDelegate.swift */,
				36518A8C2579DF3C00CC6542 /* SceneDelegate.swift */,
				36518A8E2579DF3C00CC6542 /* TravelLocationMapVC.swift */,
				36518AC62579E6CB00CC6542 /* PhotoAlbumVC.swift */,
			);
			path = Controllers;
			sourceTree = "<group>";
		};
		36518ABF2579DFB900CC6542 /* Models */ = {
			isa = PBXGroup;
			children = (
				365506BE257ACE3200462B01 /* FlickrClient.swift */,
				3629FEC1257B38E200347533 /* Photos.swift */,
				3629FEC6257B396000347533 /* Photo.swift */,
				3629FECB257B3AB600347533 /* SearchResponse.swift */,
			);
			path = Models;
			sourceTree = "<group>";
		};
/* End PBXGroup section */

/* Begin PBXNativeTarget section */
		36518A862579DF3C00CC6542 /* VirtualTourist */ = {
			isa = PBXNativeTarget;
			buildConfigurationList = 36518AB12579DF3F00CC6542 /* Build configuration list for PBXNativeTarget "VirtualTourist" */;
			buildPhases = (
				36518A832579DF3C00CC6542 /* Sources */,
				36518A842579DF3C00CC6542 /* Frameworks */,
				36518A852579DF3C00CC6542 /* Resources */,
			);
			buildRules = (
			);
			dependencies = (
			);
			name = VirtualTourist;
			productName = VirtualTourist;
			productReference = 36518A872579DF3C00CC6542 /* VirtualTourist.app */;
			productType = "com.apple.product-type.application";
		};
		36518A9C2579DF3F00CC6542 /* VirtualTouristTests */ = {
			isa = PBXNativeTarget;
			buildConfigurationList = 36518AB42579DF3F00CC6542 /* Build configuration list for PBXNativeTarget "VirtualTouristTests" */;
			buildPhases = (
				36518A992579DF3F00CC6542 /* Sources */,
				36518A9A2579DF3F00CC6542 /* Frameworks */,
				36518A9B2579DF3F00CC6542 /* Resources */,
			);
			buildRules = (
			);
			dependencies = (
				36518A9F2579DF3F00CC6542 /* PBXTargetDependency */,
			);
			name = VirtualTouristTests;
			productName = VirtualTouristTests;
			productReference = 36518A9D2579DF3F00CC6542 /* VirtualTouristTests.xctest */;
			productType = "com.apple.product-type.bundle.unit-test";
		};
		36518AA72579DF3F00CC6542 /* VirtualTouristUITests */ = {
			isa = PBXNativeTarget;
			buildConfigurationList = 36518AB72579DF3F00CC6542 /* Build configuration list for PBXNativeTarget "VirtualTouristUITests" */;
			buildPhases = (
				36518AA42579DF3F00CC6542 /* Sources */,
				36518AA52579DF3F00CC6542 /* Frameworks */,
				36518AA62579DF3F00CC6542 /* Resources */,
			);
			buildRules = (
			);
			dependencies = (
				36518AAA2579DF3F00CC6542 /* PBXTargetDependency */,
			);
			name = VirtualTouristUITests;
			productName = VirtualTouristUITests;
			productReference = 36518AA82579DF3F00CC6542 /* VirtualTouristUITests.xctest */;
			productType = "com.apple.product-type.bundle.ui-testing";
		};
/* End PBXNativeTarget section */

/* Begin PBXProject section */
		36518A7F2579DF3C00CC6542 /* Project object */ = {
			isa = PBXProject;
			attributes = {
				LastSwiftUpdateCheck = 1220;
				LastUpgradeCheck = 1220;
				TargetAttributes = {
					36518A862579DF3C00CC6542 = {
						CreatedOnToolsVersion = 12.2;
					};
					36518A9C2579DF3F00CC6542 = {
						CreatedOnToolsVersion = 12.2;
						TestTargetID = 36518A862579DF3C00CC6542;
					};
					36518AA72579DF3F00CC6542 = {
						CreatedOnToolsVersion = 12.2;
						TestTargetID = 36518A862579DF3C00CC6542;
					};
				};
			};
			buildConfigurationList = 36518A822579DF3C00CC6542 /* Build configuration list for PBXProject "VirtualTourist" */;
			compatibilityVersion = "Xcode 9.3";
			developmentRegion = en;
			hasScannedForEncodings = 0;
			knownRegions = (
				en,
				Base,
			);
			mainGroup = 36518A7E2579DF3C00CC6542;
			productRefGroup = 36518A882579DF3C00CC6542 /* Products */;
			projectDirPath = "";
			projectRoot = "";
			targets = (
				36518A862579DF3C00CC6542 /* VirtualTourist */,
				36518A9C2579DF3F00CC6542 /* VirtualTouristTests */,
				36518AA72579DF3F00CC6542 /* VirtualTouristUITests */,
			);
		};
/* End PBXProject section */

/* Begin PBXResourcesBuildPhase section */
		36518A852579DF3C00CC6542 /* Resources */ = {
			isa = PBXResourcesBuildPhase;
			buildActionMask = 2147483647;
			files = (
				36518A972579DF3F00CC6542 /* LaunchScreen.storyboard in Resources */,
				36518A942579DF3F00CC6542 /* Assets.xcassets in Resources */,
				36518A922579DF3C00CC6542 /* Main.storyboard in Resources */,
			);
			runOnlyForDeploymentPostprocessing = 0;
		};
		36518A9B2579DF3F00CC6542 /* Resources */ = {
			isa = PBXResourcesBuildPhase;
			buildActionMask = 2147483647;
			files = (
			);
			runOnlyForDeploymentPostprocessing = 0;
		};
		36518AA62579DF3F00CC6542 /* Resources */ = {
			isa = PBXResourcesBuildPhase;
			buildActionMask = 2147483647;
			files = (
			);
			runOnlyForDeploymentPostprocessing = 0;
		};
/* End PBXResourcesBuildPhase section */

/* Begin PBXSourcesBuildPhase section */
		36518A832579DF3C00CC6542 /* Sources */ = {
			isa = PBXSourcesBuildPhase;
			buildActionMask = 2147483647;
			files = (
				3629FEC7257B396000347533 /* Photo.swift in Sources */,
				3629FEC2257B38E200347533 /* Photos.swift in Sources */,
				36518A8F2579DF3C00CC6542 /* TravelLocationMapVC.swift in Sources */,
				365506BF257ACE3200462B01 /* FlickrClient.swift in Sources */,
				3629FECC257B3AB600347533 /* SearchResponse.swift in Sources */,
				36518AC72579E6CB00CC6542 /* PhotoAlbumVC.swift in Sources */,
				36518A8B2579DF3C00CC6542 /* AppDelegate.swift in Sources */,
				36518A8D2579DF3C00CC6542 /* SceneDelegate.swift in Sources */,
			);
			runOnlyForDeploymentPostprocessing = 0;
		};
		36518A992579DF3F00CC6542 /* Sources */ = {
			isa = PBXSourcesBuildPhase;
			buildActionMask = 2147483647;
			files = (
				36518AA22579DF3F00CC6542 /* VirtualTouristTests.swift in Sources */,
			);
			runOnlyForDeploymentPostprocessing = 0;
		};
		36518AA42579DF3F00CC6542 /* Sources */ = {
			isa = PBXSourcesBuildPhase;
			buildActionMask = 2147483647;
			files = (
				36518AAD2579DF3F00CC6542 /* VirtualTouristUITests.swift in Sources */,
			);
			runOnlyForDeploymentPostprocessing = 0;
		};
/* End PBXSourcesBuildPhase section */

/* Begin PBXTargetDependency section */
		36518A9F2579DF3F00CC6542 /* PBXTargetDependency */ = {
			isa = PBXTargetDependency;
			target = 36518A862579DF3C00CC6542 /* VirtualTourist */;
			targetProxy = 36518A9E2579DF3F00CC6542 /* PBXContainerItemProxy */;
		};
		36518AAA2579DF3F00CC6542 /* PBXTargetDependency */ = {
			isa = PBXTargetDependency;
			target = 36518A862579DF3C00CC6542 /* VirtualTourist */;
			targetProxy = 36518AA92579DF3F00CC6542 /* PBXContainerItemProxy */;
		};
/* End PBXTargetDependency section */

/* Begin PBXVariantGroup section */
		36518A902579DF3C00CC6542 /* Main.storyboard */ = {
			isa = PBXVariantGroup;
			children = (
				36518A912579DF3C00CC6542 /* Base */,
			);
			name = Main.storyboard;
			sourceTree = "<group>";
		};
		36518A952579DF3F00CC6542 /* LaunchScreen.storyboard */ = {
			isa = PBXVariantGroup;
			children = (
				36518A962579DF3F00CC6542 /* Base */,
			);
			name = LaunchScreen.storyboard;
			sourceTree = "<group>";
		};
/* End PBXVariantGroup section */

/* Begin XCBuildConfiguration section */
		36518AAF2579DF3F00CC6542 /* Debug */ = {
			isa = XCBuildConfiguration;
			buildSettings = {
				ALWAYS_SEARCH_USER_PATHS = NO;
				CLANG_ANALYZER_NONNULL = YES;
				CLANG_ANALYZER_NUMBER_OBJECT_CONVERSION = YES_AGGRESSIVE;
				CLANG_CXX_LANGUAGE_STANDARD = "gnu++14";
				CLANG_CXX_LIBRARY = "libc++";
				CLANG_ENABLE_MODULES = YES;
				CLANG_ENABLE_OBJC_ARC = YES;
				CLANG_ENABLE_OBJC_WEAK = YES;
				CLANG_WARN_BLOCK_CAPTURE_AUTORELEASING = YES;
				CLANG_WARN_BOOL_CONVERSION = YES;
				CLANG_WARN_COMMA = YES;
				CLANG_WARN_CONSTANT_CONVERSION = YES;
				CLANG_WARN_DEPRECATED_OBJC_IMPLEMENTATIONS = YES;
				CLANG_WARN_DIRECT_OBJC_ISA_USAGE = YES_ERROR;
				CLANG_WARN_DOCUMENTATION_COMMENTS = YES;
				CLANG_WARN_EMPTY_BODY = YES;
				CLANG_WARN_ENUM_CONVERSION = YES;
				CLANG_WARN_INFINITE_RECURSION = YES;
				CLANG_WARN_INT_CONVERSION = YES;
				CLANG_WARN_NON_LITERAL_NULL_CONVERSION = YES;
				CLANG_WARN_OBJC_IMPLICIT_RETAIN_SELF = YES;
				CLANG_WARN_OBJC_LITERAL_CONVERSION = YES;
				CLANG_WARN_OBJC_ROOT_CLASS = YES_ERROR;
				CLANG_WARN_QUOTED_INCLUDE_IN_FRAMEWORK_HEADER = YES;
				CLANG_WARN_RANGE_LOOP_ANALYSIS = YES;
				CLANG_WARN_STRICT_PROTOTYPES = YES;
				CLANG_WARN_SUSPICIOUS_MOVE = YES;
				CLANG_WARN_UNGUARDED_AVAILABILITY = YES_AGGRESSIVE;
				CLANG_WARN_UNREACHABLE_CODE = YES;
				CLANG_WARN__DUPLICATE_METHOD_MATCH = YES;
				COPY_PHASE_STRIP = NO;
				DEBUG_INFORMATION_FORMAT = dwarf;
				ENABLE_STRICT_OBJC_MSGSEND = YES;
				ENABLE_TESTABILITY = YES;
				GCC_C_LANGUAGE_STANDARD = gnu11;
				GCC_DYNAMIC_NO_PIC = NO;
				GCC_NO_COMMON_BLOCKS = YES;
				GCC_OPTIMIZATION_LEVEL = 0;
				GCC_PREPROCESSOR_DEFINITIONS = (
					"DEBUG=1",
					"$(inherited)",
				);
				GCC_WARN_64_TO_32_BIT_CONVERSION = YES;
				GCC_WARN_ABOUT_RETURN_TYPE = YES_ERROR;
				GCC_WARN_UNDECLARED_SELECTOR = YES;
				GCC_WARN_UNINITIALIZED_AUTOS = YES_AGGRESSIVE;
				GCC_WARN_UNUSED_FUNCTION = YES;
				GCC_WARN_UNUSED_VARIABLE = YES;
				IPHONEOS_DEPLOYMENT_TARGET = 14.2;
				MTL_ENABLE_DEBUG_INFO = INCLUDE_SOURCE;
				MTL_FAST_MATH = YES;
				ONLY_ACTIVE_ARCH = YES;
				SDKROOT = iphoneos;
				SWIFT_ACTIVE_COMPILATION_CONDITIONS = DEBUG;
				SWIFT_OPTIMIZATION_LEVEL = "-Onone";
			};
			name = Debug;
		};
		36518AB02579DF3F00CC6542 /* Release */ = {
			isa = XCBuildConfiguration;
			buildSettings = {
				ALWAYS_SEARCH_USER_PATHS = NO;
				CLANG_ANALYZER_NONNULL = YES;
				CLANG_ANALYZER_NUMBER_OBJECT_CONVERSION = YES_AGGRESSIVE;
				CLANG_CXX_LANGUAGE_STANDARD = "gnu++14";
				CLANG_CXX_LIBRARY = "libc++";
				CLANG_ENABLE_MODULES = YES;
				CLANG_ENABLE_OBJC_ARC = YES;
				CLANG_ENABLE_OBJC_WEAK = YES;
				CLANG_WARN_BLOCK_CAPTURE_AUTORELEASING = YES;
				CLANG_WARN_BOOL_CONVERSION = YES;
				CLANG_WARN_COMMA = YES;
				CLANG_WARN_CONSTANT_CONVERSION = YES;
				CLANG_WARN_DEPRECATED_OBJC_IMPLEMENTATIONS = YES;
				CLANG_WARN_DIRECT_OBJC_ISA_USAGE = YES_ERROR;
				CLANG_WARN_DOCUMENTATION_COMMENTS = YES;
				CLANG_WARN_EMPTY_BODY = YES;
				CLANG_WARN_ENUM_CONVERSION = YES;
				CLANG_WARN_INFINITE_RECURSION = YES;
				CLANG_WARN_INT_CONVERSION = YES;
				CLANG_WARN_NON_LITERAL_NULL_CONVERSION = YES;
				CLANG_WARN_OBJC_IMPLICIT_RETAIN_SELF = YES;
				CLANG_WARN_OBJC_LITERAL_CONVERSION = YES;
				CLANG_WARN_OBJC_ROOT_CLASS = YES_ERROR;
				CLANG_WARN_QUOTED_INCLUDE_IN_FRAMEWORK_HEADER = YES;
				CLANG_WARN_RANGE_LOOP_ANALYSIS = YES;
				CLANG_WARN_STRICT_PROTOTYPES = YES;
				CLANG_WARN_SUSPICIOUS_MOVE = YES;
				CLANG_WARN_UNGUARDED_AVAILABILITY = YES_AGGRESSIVE;
				CLANG_WARN_UNREACHABLE_CODE = YES;
				CLANG_WARN__DUPLICATE_METHOD_MATCH = YES;
				COPY_PHASE_STRIP = NO;
				DEBUG_INFORMATION_FORMAT = "dwarf-with-dsym";
				ENABLE_NS_ASSERTIONS = NO;
				ENABLE_STRICT_OBJC_MSGSEND = YES;
				GCC_C_LANGUAGE_STANDARD = gnu11;
				GCC_NO_COMMON_BLOCKS = YES;
				GCC_WARN_64_TO_32_BIT_CONVERSION = YES;
				GCC_WARN_ABOUT_RETURN_TYPE = YES_ERROR;
				GCC_WARN_UNDECLARED_SELECTOR = YES;
				GCC_WARN_UNINITIALIZED_AUTOS = YES_AGGRESSIVE;
				GCC_WARN_UNUSED_FUNCTION = YES;
				GCC_WARN_UNUSED_VARIABLE = YES;
				IPHONEOS_DEPLOYMENT_TARGET = 14.2;
				MTL_ENABLE_DEBUG_INFO = NO;
				MTL_FAST_MATH = YES;
				SDKROOT = iphoneos;
				SWIFT_COMPILATION_MODE = wholemodule;
				SWIFT_OPTIMIZATION_LEVEL = "-O";
				VALIDATE_PRODUCT = YES;
			};
			name = Release;
		};
		36518AB22579DF3F00CC6542 /* Debug */ = {
			isa = XCBuildConfiguration;
			buildSettings = {
				ASSETCATALOG_COMPILER_APPICON_NAME = AppIcon;
				ASSETCATALOG_COMPILER_GLOBAL_ACCENT_COLOR_NAME = AccentColor;
				CODE_SIGN_STYLE = Automatic;
				DEVELOPMENT_TEAM = L73M8R7276;
				INFOPLIST_FILE = VirtualTourist/Info.plist;
				LD_RUNPATH_SEARCH_PATHS = (
					"$(inherited)",
					"@executable_path/Frameworks",
				);
				PRODUCT_BUNDLE_IDENTIFIER = leemccormick.VirtualTourist;
				PRODUCT_NAME = "$(TARGET_NAME)";
				SWIFT_VERSION = 5.0;
				TARGETED_DEVICE_FAMILY = "1,2";
			};
			name = Debug;
		};
		36518AB32579DF3F00CC6542 /* Release */ = {
			isa = XCBuildConfiguration;
			buildSettings = {
				ASSETCATALOG_COMPILER_APPICON_NAME = AppIcon;
				ASSETCATALOG_COMPILER_GLOBAL_ACCENT_COLOR_NAME = AccentColor;
				CODE_SIGN_STYLE = Automatic;
				DEVELOPMENT_TEAM = L73M8R7276;
				INFOPLIST_FILE = VirtualTourist/Info.plist;
				LD_RUNPATH_SEARCH_PATHS = (
					"$(inherited)",
					"@executable_path/Frameworks",
				);
				PRODUCT_BUNDLE_IDENTIFIER = leemccormick.VirtualTourist;
				PRODUCT_NAME = "$(TARGET_NAME)";
				SWIFT_VERSION = 5.0;
				TARGETED_DEVICE_FAMILY = "1,2";
			};
			name = Release;
		};
		36518AB52579DF3F00CC6542 /* Debug */ = {
			isa = XCBuildConfiguration;
			buildSettings = {
				ALWAYS_EMBED_SWIFT_STANDARD_LIBRARIES = YES;
				BUNDLE_LOADER = "$(TEST_HOST)";
				CODE_SIGN_STYLE = Automatic;
				DEVELOPMENT_TEAM = L73M8R7276;
				INFOPLIST_FILE = VirtualTouristTests/Info.plist;
				IPHONEOS_DEPLOYMENT_TARGET = 14.2;
				LD_RUNPATH_SEARCH_PATHS = (
					"$(inherited)",
					"@executable_path/Frameworks",
					"@loader_path/Frameworks",
				);
				PRODUCT_BUNDLE_IDENTIFIER = leemccormick.VirtualTouristTests;
				PRODUCT_NAME = "$(TARGET_NAME)";
				SWIFT_VERSION = 5.0;
				TARGETED_DEVICE_FAMILY = "1,2";
				TEST_HOST = "$(BUILT_PRODUCTS_DIR)/VirtualTourist.app/VirtualTourist";
			};
			name = Debug;
		};
		36518AB62579DF3F00CC6542 /* Release */ = {
			isa = XCBuildConfiguration;
			buildSettings = {
				ALWAYS_EMBED_SWIFT_STANDARD_LIBRARIES = YES;
				BUNDLE_LOADER = "$(TEST_HOST)";
				CODE_SIGN_STYLE = Automatic;
				DEVELOPMENT_TEAM = L73M8R7276;
				INFOPLIST_FILE = VirtualTouristTests/Info.plist;
				IPHONEOS_DEPLOYMENT_TARGET = 14.2;
				LD_RUNPATH_SEARCH_PATHS = (
					"$(inherited)",
					"@executable_path/Frameworks",
					"@loader_path/Frameworks",
				);
				PRODUCT_BUNDLE_IDENTIFIER = leemccormick.VirtualTouristTests;
				PRODUCT_NAME = "$(TARGET_NAME)";
				SWIFT_VERSION = 5.0;
				TARGETED_DEVICE_FAMILY = "1,2";
				TEST_HOST = "$(BUILT_PRODUCTS_DIR)/VirtualTourist.app/VirtualTourist";
			};
			name = Release;
		};
		36518AB82579DF3F00CC6542 /* Debug */ = {
			isa = XCBuildConfiguration;
			buildSettings = {
				ALWAYS_EMBED_SWIFT_STANDARD_LIBRARIES = YES;
				CODE_SIGN_STYLE = Automatic;
				DEVELOPMENT_TEAM = L73M8R7276;
				INFOPLIST_FILE = VirtualTouristUITests/Info.plist;
				LD_RUNPATH_SEARCH_PATHS = (
					"$(inherited)",
					"@executable_path/Frameworks",
					"@loader_path/Frameworks",
				);
				PRODUCT_BUNDLE_IDENTIFIER = leemccormick.VirtualTouristUITests;
				PRODUCT_NAME = "$(TARGET_NAME)";
				SWIFT_VERSION = 5.0;
				TARGETED_DEVICE_FAMILY = "1,2";
				TEST_TARGET_NAME = VirtualTourist;
			};
			name = Debug;
		};
		36518AB92579DF3F00CC6542 /* Release */ = {
			isa = XCBuildConfiguration;
			buildSettings = {
				ALWAYS_EMBED_SWIFT_STANDARD_LIBRARIES = YES;
				CODE_SIGN_STYLE = Automatic;
				DEVELOPMENT_TEAM = L73M8R7276;
				INFOPLIST_FILE = VirtualTouristUITests/Info.plist;
				LD_RUNPATH_SEARCH_PATHS = (
					"$(inherited)",
					"@executable_path/Frameworks",
					"@loader_path/Frameworks",
				);
				PRODUCT_BUNDLE_IDENTIFIER = leemccormick.VirtualTouristUITests;
				PRODUCT_NAME = "$(TARGET_NAME)";
				SWIFT_VERSION = 5.0;
				TARGETED_DEVICE_FAMILY = "1,2";
				TEST_TARGET_NAME = VirtualTourist;
			};
			name = Release;
		};
/* End XCBuildConfiguration section */

/* Begin XCConfigurationList section */
		36518A822579DF3C00CC6542 /* Build configuration list for PBXProject "VirtualTourist" */ = {
			isa = XCConfigurationList;
			buildConfigurations = (
				36518AAF2579DF3F00CC6542 /* Debug */,
				36518AB02579DF3F00CC6542 /* Release */,
			);
			defaultConfigurationIsVisible = 0;
			defaultConfigurationName = Release;
		};
		36518AB12579DF3F00CC6542 /* Build configuration list for PBXNativeTarget "VirtualTourist" */ = {
			isa = XCConfigurationList;
			buildConfigurations = (
				36518AB22579DF3F00CC6542 /* Debug */,
				36518AB32579DF3F00CC6542 /* Release */,
			);
			defaultConfigurationIsVisible = 0;
			defaultConfigurationName = Release;
		};
		36518AB42579DF3F00CC6542 /* Build configuration list for PBXNativeTarget "VirtualTouristTests" */ = {
			isa = XCConfigurationList;
			buildConfigurations = (
				36518AB52579DF3F00CC6542 /* Debug */,
				36518AB62579DF3F00CC6542 /* Release */,
			);
			defaultConfigurationIsVisible = 0;
			defaultConfigurationName = Release;
		};
		36518AB72579DF3F00CC6542 /* Build configuration list for PBXNativeTarget "VirtualTouristUITests" */ = {
			isa = XCConfigurationList;
			buildConfigurations = (
				36518AB82579DF3F00CC6542 /* Debug */,
				36518AB92579DF3F00CC6542 /* Release */,
			);
			defaultConfigurationIsVisible = 0;
			defaultConfigurationName = Release;
		};
/* End XCConfigurationList section */
	};
	rootObject = 36518A7F2579DF3C00CC6542 /* Project object */;
}
